
Microsoft Visual Studio Solution File, Format Version 12.00
# Visual Studio 14
VisualStudioVersion = 14.0.25420.1
MinimumVisualStudioVersion = 10.0.40219.1
Project("{FAE04EC0-301F-11D3-BF4B-00C04F79EFBC}") = "MassDefect.Models", "MassDefect.Models\MassDefect.Models.csproj", "{9D50A9D7-4E33-4894-B90B-EC0A865738AB}"
EndProject
Project("{FAE04EC0-301F-11D3-BF4B-00C04F79EFBC}") = "MassDefect.Data", "MassDefect.Data\MassDefect.Data.csproj", "{910A96E5-47E4-49AD-A540-798DDF1433CF}"
EndProject
Project("{FAE04EC0-301F-11D3-BF4B-00C04F79EFBC}") = "MassDefect.App", "MassDefect.App\MassDefect.App.csproj", "{EEC7FCC4-1FAF-42AE-8944-F0559E9E347A}"
EndProject
Global
	GlobalSection(SolutionConfigurationPlatforms) = preSolution
		Debug|Any CPU = Debug|Any CPU
		Release|Any CPU = Release|Any CPU
	EndGlobalSection
	GlobalSection(ProjectConfigurationPlatforms) = postSolution
		{9D50A9D7-4E33-4894-B90B-EC0A865738AB}.Debug|Any CPU.ActiveCfg = Debug|Any CPU
		{9D50A9D7-4E33-4894-B90B-EC0A865738AB}.Debug|Any CPU.Build.0 = Debug|Any CPU
		{9D50A9D7-4E33-4894-B90B-EC0A865738AB}.Release|Any CPU.ActiveCfg = Release|Any CPU
		{9D50A9D7-4E33-4894-B90B-EC0A865738AB}.Release|Any CPU.Build.0 = Release|Any CPU
		{910A96E5-47E4-49AD-A540-798DDF1433CF}.Debug|Any CPU.ActiveCfg = Debug|Any CPU
		{910A96E5-47E4-49AD-A540-798DDF1433CF}.Debug|Any CPU.Build.0 = Debug|Any CPU
		{910A96E5-47E4-49AD-A540-798DDF1433CF}.Release|Any CPU.ActiveCfg = Release|Any CPU
		{910A96E5-47E4-49AD-A540-798DDF1433CF}.Release|Any CPU.Build.0 = Release|Any CPU
		{EEC7FCC4-1FAF-42AE-8944-F0559E9E347A}.Debug|Any CPU.ActiveCfg = Debug|Any CPU
		{EEC7FCC4-1FAF-42AE-8944-F0559E9E347A}.Debug|Any CPU.Build.0 = Debug|Any CPU
		{EEC7FCC4-1FAF-42AE-8944-F0559E9E347A}.Release|Any CPU.ActiveCfg = Release|Any CPU
		{EEC7FCC4-1FAF-42AE-8944-F0559E9E347A}.Release|Any CPU.Build.0 = Release|Any CPU
	EndGlobalSection
	GlobalSection(SolutionProperties) = preSolution
		HideSolutionNode = FALSE
	EndGlobalSection
EndGlobal
